
Microsoft Visual Studio Solution File, Format Version 12.00
# Visual Studio Version 17
VisualStudioVersion = 17.14.36616.10 d17.14
MinimumVisualStudioVersion = 10.0.40219.1
Project("{FAE04EC0-301F-11D3-BF4B-00C04F79EFBC}") = "DeviceDesk.netcore", "DeviceDesk.netcore.csproj", "{F2F7C39F-554C-47B1-970C-C33E06CE5A39}"
EndProject
Global
	GlobalSection(SolutionConfigurationPlatforms) = preSolution
		Debug|Any CPU = Debug|Any CPU
		Release|Any CPU = Release|Any CPU
	EndGlobalSection
	GlobalSection(ProjectConfigurationPlatforms) = postSolution
		{F2F7C39F-554C-47B1-970C-C33E06CE5A39}.Debug|Any CPU.ActiveCfg = Debug|Any CPU
		{F2F7C39F-554C-47B1-970C-C33E06CE5A39}.Debug|Any CPU.Build.0 = Debug|Any CPU
		{F2F7C39F-554C-47B1-970C-C33E06CE5A39}.Release|Any CPU.ActiveCfg = Release|Any CPU
		{F2F7C39F-554C-47B1-970C-C33E06CE5A39}.Release|Any CPU.Build.0 = Release|Any CPU
	EndGlobalSection
	GlobalSection(SolutionProperties) = preSolution
		HideSolutionNode = FALSE
	EndGlobalSection
	GlobalSection(ExtensibilityGlobals) = postSolution
		SolutionGuid = {B4D1B0EE-CE5D-4577-B86F-DB710F0AF469}
	EndGlobalSection
EndGlobal
